// !$*UTF8*$!
{
	archiveVersion = 1;
	classes = {
	};
	objectVersion = 51;
	objects = {

/* Begin PBXBuildFile section */
		792A898878EBB4B448EC82D7 /* Pods_iNotes.framework in Frameworks */ = {isa = PBXBuildFile; fileRef = 3E3E77AC6250AE7DD112D9E6 /* Pods_iNotes.framework */; };
		804A5CD42399807B000FBD41 /* SceneDelegate.swift in Sources */ = {isa = PBXBuildFile; fileRef = 804A5CD32399807B000FBD41 /* SceneDelegate.swift */; };
		804A5CD62399807B000FBD41 /* ViewController.swift in Sources */ = {isa = PBXBuildFile; fileRef = 804A5CD52399807B000FBD41 /* ViewController.swift */; };
		804A5CD92399807B000FBD41 /* Main.storyboard in Resources */ = {isa = PBXBuildFile; fileRef = 804A5CD72399807B000FBD41 /* Main.storyboard */; };
		804A5CDB2399807C000FBD41 /* Assets.xcassets in Resources */ = {isa = PBXBuildFile; fileRef = 804A5CDA2399807C000FBD41 /* Assets.xcassets */; };
		804A5CDE2399807C000FBD41 /* LaunchScreen.storyboard in Resources */ = {isa = PBXBuildFile; fileRef = 804A5CDC2399807C000FBD41 /* LaunchScreen.storyboard */; };
		804A5CE623998142000FBD41 /* GoogleService-Info.plist in Resources */ = {isa = PBXBuildFile; fileRef = 804A5CE523998142000FBD41 /* GoogleService-Info.plist */; };
		80CAE78323A168300095D795 /* AppDelegate.swift in Sources */ = {isa = PBXBuildFile; fileRef = 80CAE78223A168300095D795 /* AppDelegate.swift */; };
		80DE20E4239ECF3300F868C9 /* RegisterViewController.swift in Sources */ = {isa = PBXBuildFile; fileRef = 80DE20E3239ECF3300F868C9 /* RegisterViewController.swift */; };
/* End PBXBuildFile section */

/* Begin PBXFileReference section */
		3E3E77AC6250AE7DD112D9E6 /* Pods_iNotes.framework */ = {isa = PBXFileReference; explicitFileType = wrapper.framework; includeInIndex = 0; path = Pods_iNotes.framework; sourceTree = BUILT_PRODUCTS_DIR; };
		7A399730EE6BE34902C90F4E /* Pods-iNotes.release.xcconfig */ = {isa = PBXFileReference; includeInIndex = 1; lastKnownFileType = text.xcconfig; name = "Pods-iNotes.release.xcconfig"; path = "Target Support Files/Pods-iNotes/Pods-iNotes.release.xcconfig"; sourceTree = "<group>"; };
		804A5CCE2399807B000FBD41 /* iNotes.app */ = {isa = PBXFileReference; explicitFileType = wrapper.application; includeInIndex = 0; path = iNotes.app; sourceTree = BUILT_PRODUCTS_DIR; };
		804A5CD32399807B000FBD41 /* SceneDelegate.swift */ = {isa = PBXFileReference; lastKnownFileType = sourcecode.swift; path = SceneDelegate.swift; sourceTree = "<group>"; };
		804A5CD52399807B000FBD41 /* ViewController.swift */ = {isa = PBXFileReference; lastKnownFileType = sourcecode.swift; path = ViewController.swift; sourceTree = "<group>"; };
		804A5CD82399807B000FBD41 /* Base */ = {isa = PBXFileReference; lastKnownFileType = file.storyboard; name = Base; path = Base.lproj/Main.storyboard; sourceTree = "<group>"; };
		804A5CDA2399807C000FBD41 /* Assets.xcassets */ = {isa = PBXFileReference; lastKnownFileType = folder.assetcatalog; path = Assets.xcassets; sourceTree = "<group>"; };
		804A5CDD2399807C000FBD41 /* Base */ = {isa = PBXFileReference; lastKnownFileType = file.storyboard; name = Base; path = Base.lproj/LaunchScreen.storyboard; sourceTree = "<group>"; };
		804A5CDF2399807C000FBD41 /* Info.plist */ = {isa = PBXFileReference; lastKnownFileType = text.plist.xml; path = Info.plist; sourceTree = "<group>"; };
		804A5CE523998142000FBD41 /* GoogleService-Info.plist */ = {isa = PBXFileReference; fileEncoding = 4; lastKnownFileType = text.plist.xml; path = "GoogleService-Info.plist"; sourceTree = "<group>"; };
		80CAE78223A168300095D795 /* AppDelegate.swift */ = {isa = PBXFileReference; fileEncoding = 4; lastKnownFileType = sourcecode.swift; path = AppDelegate.swift; sourceTree = "<group>"; };
		80DE20E3239ECF3300F868C9 /* RegisterViewController.swift */ = {isa = PBXFileReference; lastKnownFileType = sourcecode.swift; name = RegisterViewController.swift; path = Controller/RegisterViewController.swift; sourceTree = "<group>"; };
		AD1621BA0FB737D286A25C5E /* Pods-iNotes.debug.xcconfig */ = {isa = PBXFileReference; includeInIndex = 1; lastKnownFileType = text.xcconfig; name = "Pods-iNotes.debug.xcconfig"; path = "Target Support Files/Pods-iNotes/Pods-iNotes.debug.xcconfig"; sourceTree = "<group>"; };
/* End PBXFileReference section */

/* Begin PBXFrameworksBuildPhase section */
		804A5CCB2399807B000FBD41 /* Frameworks */ = {
			isa = PBXFrameworksBuildPhase;
			buildActionMask = 2147483647;
			files = (
				792A898878EBB4B448EC82D7 /* Pods_iNotes.framework in Frameworks */,
			);
			runOnlyForDeploymentPostprocessing = 0;
		};
/* End PBXFrameworksBuildPhase section */

/* Begin PBXGroup section */
		7675EB73EC2752C668C44036 /* Pods */ = {
			isa = PBXGroup;
			children = (
				AD1621BA0FB737D286A25C5E /* Pods-iNotes.debug.xcconfig */,
				7A399730EE6BE34902C90F4E /* Pods-iNotes.release.xcconfig */,
			);
			path = Pods;
			sourceTree = "<group>";
		};
		804A5CC52399807B000FBD41 = {
			isa = PBXGroup;
			children = (
				804A5CD02399807B000FBD41 /* iNotes */,
				804A5CCF2399807B000FBD41 /* Products */,
				7675EB73EC2752C668C44036 /* Pods */,
				C4D3A3697FA4C9FFFBCC1AD9 /* Frameworks */,
			);
			sourceTree = "<group>";
		};
		804A5CCF2399807B000FBD41 /* Products */ = {
			isa = PBXGroup;
			children = (
				804A5CCE2399807B000FBD41 /* iNotes.app */,
			);
			name = Products;
			sourceTree = "<group>";
		};
		804A5CD02399807B000FBD41 /* iNotes */ = {
			isa = PBXGroup;
			children = (
				80CAE78223A168300095D795 /* AppDelegate.swift */,
				804A5CD32399807B000FBD41 /* SceneDelegate.swift */,
				804A5CD52399807B000FBD41 /* ViewController.swift */,
				80DE20E3239ECF3300F868C9 /* RegisterViewController.swift */,
				80DE20EA239ED10200F868C9 /* View */,
				804A5CDA2399807C000FBD41 /* Assets.xcassets */,
				804A5CDC2399807C000FBD41 /* LaunchScreen.storyboard */,
				804A5CDF2399807C000FBD41 /* Info.plist */,
				804A5CE523998142000FBD41 /* GoogleService-Info.plist */,
			);
			path = iNotes;
			sourceTree = "<group>";
		};
		80DE20EA239ED10200F868C9 /* View */ = {
			isa = PBXGroup;
			children = (
				804A5CD72399807B000FBD41 /* Main.storyboard */,
			);
			path = View;
			sourceTree = "<group>";
		};
		C4D3A3697FA4C9FFFBCC1AD9 /* Frameworks */ = {
			isa = PBXGroup;
			children = (
				3E3E77AC6250AE7DD112D9E6 /* Pods_iNotes.framework */,
			);
			name = Frameworks;
			sourceTree = "<group>";
		};
/* End PBXGroup section */

/* Begin PBXNativeTarget section */
		804A5CCD2399807B000FBD41 /* iNotes */ = {
			isa = PBXNativeTarget;
			buildConfigurationList = 804A5CE22399807C000FBD41 /* Build configuration list for PBXNativeTarget "iNotes" */;
			buildPhases = (
				FC167EC59DAF22423692B92D /* [CP] Check Pods Manifest.lock */,
				804A5CCA2399807B000FBD41 /* Sources */,
				804A5CCB2399807B000FBD41 /* Frameworks */,
				804A5CCC2399807B000FBD41 /* Resources */,
				C86F85C6C35355ACD33E762B /* [CP] Embed Pods Frameworks */,
			);
			buildRules = (
			);
			dependencies = (
			);
			name = iNotes;
			productName = iNotes;
			productReference = 804A5CCE2399807B000FBD41 /* iNotes.app */;
			productType = "com.apple.product-type.application";
		};
/* End PBXNativeTarget section */

/* Begin PBXProject section */
		804A5CC62399807B000FBD41 /* Project object */ = {
			isa = PBXProject;
			attributes = {
				LastSwiftUpdateCheck = 1120;
				LastUpgradeCheck = 1120;
				ORGANIZATIONNAME = "Esther Osammor";
				TargetAttributes = {
					804A5CCD2399807B000FBD41 = {
						CreatedOnToolsVersion = 11.2.1;
					};
				};
			};
			buildConfigurationList = 804A5CC92399807B000FBD41 /* Build configuration list for PBXProject "iNotes" */;
			compatibilityVersion = "Xcode 9.3";
			developmentRegion = en;
			hasScannedForEncodings = 0;
			knownRegions = (
				en,
				Base,
			);
			mainGroup = 804A5CC52399807B000FBD41;
			productRefGroup = 804A5CCF2399807B000FBD41 /* Products */;
			projectDirPath = "";
			projectRoot = "";
			targets = (
				804A5CCD2399807B000FBD41 /* iNotes */,
			);
		};
/* End PBXProject section */

/* Begin PBXResourcesBuildPhase section */
		804A5CCC2399807B000FBD41 /* Resources */ = {
			isa = PBXResourcesBuildPhase;
			buildActionMask = 2147483647;
			files = (
				804A5CDE2399807C000FBD41 /* LaunchScreen.storyboard in Resources */,
				804A5CE623998142000FBD41 /* GoogleService-Info.plist in Resources */,
				804A5CDB2399807C000FBD41 /* Assets.xcassets in Resources */,
				804A5CD92399807B000FBD41 /* Main.storyboard in Resources */,
			);
			runOnlyForDeploymentPostprocessing = 0;
		};
/* End PBXResourcesBuildPhase section */

/* Begin PBXShellScriptBuildPhase section */
		C86F85C6C35355ACD33E762B /* [CP] Embed Pods Frameworks */ = {
			isa = PBXShellScriptBuildPhase;
			buildActionMask = 2147483647;
			files = (
			);
			inputFileListPaths = (
				"${PODS_ROOT}/Target Support Files/Pods-iNotes/Pods-iNotes-frameworks-${CONFIGURATION}-input-files.xcfilelist",
			);
			name = "[CP] Embed Pods Frameworks";
			outputFileListPaths = (
				"${PODS_ROOT}/Target Support Files/Pods-iNotes/Pods-iNotes-frameworks-${CONFIGURATION}-output-files.xcfilelist",
			);
			runOnlyForDeploymentPostprocessing = 0;
			shellPath = /bin/sh;
			shellScript = "\"${PODS_ROOT}/Target Support Files/Pods-iNotes/Pods-iNotes-frameworks.sh\"\n";
			showEnvVarsInLog = 0;
		};
		FC167EC59DAF22423692B92D /* [CP] Check Pods Manifest.lock */ = {
			isa = PBXShellScriptBuildPhase;
			buildActionMask = 2147483647;
			files = (
			);
			inputFileListPaths = (
			);
			inputPaths = (
				"${PODS_PODFILE_DIR_PATH}/Podfile.lock",
				"${PODS_ROOT}/Manifest.lock",
			);
			name = "[CP] Check Pods Manifest.lock";
			outputFileListPaths = (
			);
			outputPaths = (
				"$(DERIVED_FILE_DIR)/Pods-iNotes-checkManifestLockResult.txt",
			);
			runOnlyForDeploymentPostprocessing = 0;
			shellPath = /bin/sh;
			shellScript = "diff \"${PODS_PODFILE_DIR_PATH}/Podfile.lock\" \"${PODS_ROOT}/Manifest.lock\" > /dev/null\nif [ $? != 0 ] ; then\n    # print error to STDERR\n    echo \"error: The sandbox is not in sync with the Podfile.lock. Run 'pod install' or update your CocoaPods installation.\" >&2\n    exit 1\nfi\n# This output is used by Xcode 'outputs' to avoid re-running this script phase.\necho \"SUCCESS\" > \"${SCRIPT_OUTPUT_FILE_0}\"\n";
			showEnvVarsInLog = 0;
		};
/* End PBXShellScriptBuildPhase section */

/* Begin PBXSourcesBuildPhase section */
		804A5CCA2399807B000FBD41 /* Sources */ = {
			isa = PBXSourcesBuildPhase;
			buildActionMask = 2147483647;
			files = (
				80CAE78323A168300095D795 /* AppDelegate.swift in Sources */,
				804A5CD62399807B000FBD41 /* ViewController.swift in Sources */,
				804A5CD42399807B000FBD41 /* SceneDelegate.swift in Sources */,
				80DE20E4239ECF3300F868C9 /* RegisterViewController.swift in Sources */,
			);
			runOnlyForDeploymentPostprocessing = 0;
		};
/* End PBXSourcesBuildPhase section */

/* Begin PBXVariantGroup section */
		804A5CD72399807B000FBD41 /* Main.storyboard */ = {
			isa = PBXVariantGroup;
			children = (
				804A5CD82399807B000FBD41 /* Base */,
			);
			name = Main.storyboard;
			sourceTree = "<group>";
		};
		804A5CDC2399807C000FBD41 /* LaunchScreen.storyboard */ = {
			isa = PBXVariantGroup;
			children = (
				804A5CDD2399807C000FBD41 /* Base */,
			);
			name = LaunchScreen.storyboard;
			sourceTree = "<group>";
		};
/* End PBXVariantGroup section */

/* Begin XCBuildConfiguration section */
		804A5CE02399807C000FBD41 /* Debug */ = {
			isa = XCBuildConfiguration;
			buildSettings = {
				ALWAYS_SEARCH_USER_PATHS = NO;
				CLANG_ANALYZER_NONNULL = YES;
				CLANG_ANALYZER_NUMBER_OBJECT_CONVERSION = YES_AGGRESSIVE;
				CLANG_CXX_LANGUAGE_STANDARD = "gnu++14";
				CLANG_CXX_LIBRARY = "libc++";
				CLANG_ENABLE_MODULES = YES;
				CLANG_ENABLE_OBJC_ARC = YES;
				CLANG_ENABLE_OBJC_WEAK = YES;
				CLANG_WARN_BLOCK_CAPTURE_AUTORELEASING = YES;
				CLANG_WARN_BOOL_CONVERSION = YES;
				CLANG_WARN_COMMA = YES;
				CLANG_WARN_CONSTANT_CONVERSION = YES;
				CLANG_WARN_DEPRECATED_OBJC_IMPLEMENTATIONS = YES;
				CLANG_WARN_DIRECT_OBJC_ISA_USAGE = YES_ERROR;
				CLANG_WARN_DOCUMENTATION_COMMENTS = YES;
				CLANG_WARN_EMPTY_BODY = YES;
				CLANG_WARN_ENUM_CONVERSION = YES;
				CLANG_WARN_INFINITE_RECURSION = YES;
				CLANG_WARN_INT_CONVERSION = YES;
				CLANG_WARN_NON_LITERAL_NULL_CONVERSION = YES;
				CLANG_WARN_OBJC_IMPLICIT_RETAIN_SELF = YES;
				CLANG_WARN_OBJC_LITERAL_CONVERSION = YES;
				CLANG_WARN_OBJC_ROOT_CLASS = YES_ERROR;
				CLANG_WARN_RANGE_LOOP_ANALYSIS = YES;
				CLANG_WARN_STRICT_PROTOTYPES = YES;
				CLANG_WARN_SUSPICIOUS_MOVE = YES;
				CLANG_WARN_UNGUARDED_AVAILABILITY = YES_AGGRESSIVE;
				CLANG_WARN_UNREACHABLE_CODE = YES;
				CLANG_WARN__DUPLICATE_METHOD_MATCH = YES;
				COPY_PHASE_STRIP = NO;
				DEBUG_INFORMATION_FORMAT = dwarf;
				ENABLE_STRICT_OBJC_MSGSEND = YES;
				ENABLE_TESTABILITY = YES;
				GCC_C_LANGUAGE_STANDARD = gnu11;
				GCC_DYNAMIC_NO_PIC = NO;
				GCC_NO_COMMON_BLOCKS = YES;
				GCC_OPTIMIZATION_LEVEL = 0;
				GCC_PREPROCESSOR_DEFINITIONS = (
					"DEBUG=1",
					"$(inherited)",
				);
				GCC_WARN_64_TO_32_BIT_CONVERSION = YES;
				GCC_WARN_ABOUT_RETURN_TYPE = YES_ERROR;
				GCC_WARN_UNDECLARED_SELECTOR = YES;
				GCC_WARN_UNINITIALIZED_AUTOS = YES_AGGRESSIVE;
				GCC_WARN_UNUSED_FUNCTION = YES;
				GCC_WARN_UNUSED_VARIABLE = YES;
				IPHONEOS_DEPLOYMENT_TARGET = 13.2;
				MTL_ENABLE_DEBUG_INFO = INCLUDE_SOURCE;
				MTL_FAST_MATH = YES;
				ONLY_ACTIVE_ARCH = YES;
				SDKROOT = iphoneos;
				SWIFT_ACTIVE_COMPILATION_CONDITIONS = DEBUG;
				SWIFT_OPTIMIZATION_LEVEL = "-Onone";
			};
			name = Debug;
		};
		804A5CE12399807C000FBD41 /* Release */ = {
			isa = XCBuildConfiguration;
			buildSettings = {
				ALWAYS_SEARCH_USER_PATHS = NO;
				CLANG_ANALYZER_NONNULL = YES;
				CLANG_ANALYZER_NUMBER_OBJECT_CONVERSION = YES_AGGRESSIVE;
				CLANG_CXX_LANGUAGE_STANDARD = "gnu++14";
				CLANG_CXX_LIBRARY = "libc++";
				CLANG_ENABLE_MODULES = YES;
				CLANG_ENABLE_OBJC_ARC = YES;
				CLANG_ENABLE_OBJC_WEAK = YES;
				CLANG_WARN_BLOCK_CAPTURE_AUTORELEASING = YES;
				CLANG_WARN_BOOL_CONVERSION = YES;
				CLANG_WARN_COMMA = YES;
				CLANG_WARN_CONSTANT_CONVERSION = YES;
				CLANG_WARN_DEPRECATED_OBJC_IMPLEMENTATIONS = YES;
				CLANG_WARN_DIRECT_OBJC_ISA_USAGE = YES_ERROR;
				CLANG_WARN_DOCUMENTATION_COMMENTS = YES;
				CLANG_WARN_EMPTY_BODY = YES;
				CLANG_WARN_ENUM_CONVERSION = YES;
				CLANG_WARN_INFINITE_RECURSION = YES;
				CLANG_WARN_INT_CONVERSION = YES;
				CLANG_WARN_NON_LITERAL_NULL_CONVERSION = YES;
				CLANG_WARN_OBJC_IMPLICIT_RETAIN_SELF = YES;
				CLANG_WARN_OBJC_LITERAL_CONVERSION = YES;
				CLANG_WARN_OBJC_ROOT_CLASS = YES_ERROR;
				CLANG_WARN_RANGE_LOOP_ANALYSIS = YES;
				CLANG_WARN_STRICT_PROTOTYPES = YES;
				CLANG_WARN_SUSPICIOUS_MOVE = YES;
				CLANG_WARN_UNGUARDED_AVAILABILITY = YES_AGGRESSIVE;
				CLANG_WARN_UNREACHABLE_CODE = YES;
				CLANG_WARN__DUPLICATE_METHOD_MATCH = YES;
				COPY_PHASE_STRIP = NO;
				DEBUG_INFORMATION_FORMAT = "dwarf-with-dsym";
				ENABLE_NS_ASSERTIONS = NO;
				ENABLE_STRICT_OBJC_MSGSEND = YES;
				GCC_C_LANGUAGE_STANDARD = gnu11;
				GCC_NO_COMMON_BLOCKS = YES;
				GCC_WARN_64_TO_32_BIT_CONVERSION = YES;
				GCC_WARN_ABOUT_RETURN_TYPE = YES_ERROR;
				GCC_WARN_UNDECLARED_SELECTOR = YES;
				GCC_WARN_UNINITIALIZED_AUTOS = YES_AGGRESSIVE;
				GCC_WARN_UNUSED_FUNCTION = YES;
				GCC_WARN_UNUSED_VARIABLE = YES;
				IPHONEOS_DEPLOYMENT_TARGET = 13.2;
				MTL_ENABLE_DEBUG_INFO = NO;
				MTL_FAST_MATH = YES;
				SDKROOT = iphoneos;
				SWIFT_COMPILATION_MODE = wholemodule;
				SWIFT_OPTIMIZATION_LEVEL = "-O";
				VALIDATE_PRODUCT = YES;
			};
			name = Release;
		};
		804A5CE32399807C000FBD41 /* Debug */ = {
			isa = XCBuildConfiguration;
			baseConfigurationReference = AD1621BA0FB737D286A25C5E /* Pods-iNotes.debug.xcconfig */;
			buildSettings = {
				ASSETCATALOG_COMPILER_APPICON_NAME = AppIcon;
				CODE_SIGN_STYLE = Automatic;
				INFOPLIST_FILE = iNotes/Info.plist;
				LD_RUNPATH_SEARCH_PATHS = (
					"$(inherited)",
					"@executable_path/Frameworks",
				);
				PRODUCT_BUNDLE_IDENTIFIER = com.estherosammor.iNotes;
				PRODUCT_NAME = "$(TARGET_NAME)";
				SWIFT_VERSION = 5.0;
				TARGETED_DEVICE_FAMILY = "1,2";
			};
			name = Debug;
		};
		804A5CE42399807C000FBD41 /* Release */ = {
			isa = XCBuildConfiguration;
			baseConfigurationReference = 7A399730EE6BE34902C90F4E /* Pods-iNotes.release.xcconfig */;
			buildSettings = {
				ASSETCATALOG_COMPILER_APPICON_NAME = AppIcon;
				CODE_SIGN_STYLE = Automatic;
				INFOPLIST_FILE = iNotes/Info.plist;
				LD_RUNPATH_SEARCH_PATHS = (
					"$(inherited)",
					"@executable_path/Frameworks",
				);
				PRODUCT_BUNDLE_IDENTIFIER = com.estherosammor.iNotes;
				PRODUCT_NAME = "$(TARGET_NAME)";
				SWIFT_VERSION = 5.0;
				TARGETED_DEVICE_FAMILY = "1,2";
			};
			name = Release;
		};
/* End XCBuildConfiguration section */

/* Begin XCConfigurationList section */
		804A5CC92399807B000FBD41 /* Build configuration list for PBXProject "iNotes" */ = {
			isa = XCConfigurationList;
			buildConfigurations = (
				804A5CE02399807C000FBD41 /* Debug */,
				804A5CE12399807C000FBD41 /* Release */,
			);
			defaultConfigurationIsVisible = 0;
			defaultConfigurationName = Release;
		};
		804A5CE22399807C000FBD41 /* Build configuration list for PBXNativeTarget "iNotes" */ = {
			isa = XCConfigurationList;
			buildConfigurations = (
				804A5CE32399807C000FBD41 /* Debug */,
				804A5CE42399807C000FBD41 /* Release */,
			);
			defaultConfigurationIsVisible = 0;
			defaultConfigurationName = Release;
		};
/* End XCConfigurationList section */
	};
	rootObject = 804A5CC62399807B000FBD41 /* Project object */;
}
